{
  "object": {
    "pins": [
      {
        "package": "OpenSSL",
        "repositoryURL": "https://github.com/OuterCorner/OpenSSL",
        "state": {
          "branch": null,
          "revision": "62ff727a663075161e0eaa98c62b939ed2312f2b",
          "version": "1.2.0"
        }
      },
      {
        "package": "Sodium",
        "repositoryURL": "https://github.com/OuterCorner/Sodium",
        "state": {
          "branch": null,
          "revision": "e5b41eb58850ba2fafc32cb1e541de1bf9b6872b",
          "version": "1.1.0"
        }
      }
    ]
  },
  "version": 1
}
