{
  "object": {
    "pins": [
      {
        "package": "OpenSSL",
        "repositoryURL": "https://github.com/OuterCorner/OpenSSL.git",
        "state": {
          "branch": null,
          "revision": "908525e016f453d65f053116b4a169452341aca0",
          "version": "1.1.1+210909.0"
        }
      }
    ]
  },
  "version": 1
}
